
Microsoft Visual Studio Solution File, Format Version 12.00
# Visual Studio 2013
VisualStudioVersion = 12.0.31101.0
MinimumVisualStudioVersion = 10.0.40219.1
Project("{FAE04EC0-301F-11D3-BF4B-00C04F79EFBC}") = "CaliburnDemoApp2", "CaliburnDemoApp2\CaliburnDemoApp2.csproj", "{30A8A674-F10C-441E-937F-D5ACAFC005B8}"
EndProject
Project("{FAE04EC0-301F-11D3-BF4B-00C04F79EFBC}") = "UnitTestApp1", "UnitTestApp1\UnitTestApp1.csproj", "{D18C30DA-D26B-4A45-B2C0-2EECFF33CA25}"
EndProject
Global
	GlobalSection(SolutionConfigurationPlatforms) = preSolution
		Debug|Any CPU = Debug|Any CPU
		Debug|ARM = Debug|ARM
		Debug|Mixed Platforms = Debug|Mixed Platforms
		Debug|x86 = Debug|x86
		Release|Any CPU = Release|Any CPU
		Release|ARM = Release|ARM
		Release|Mixed Platforms = Release|Mixed Platforms
		Release|x86 = Release|x86
	EndGlobalSection
	GlobalSection(ProjectConfigurationPlatforms) = postSolution
		{30A8A674-F10C-441E-937F-D5ACAFC005B8}.Debug|Any CPU.ActiveCfg = Debug|Any CPU
		{30A8A674-F10C-441E-937F-D5ACAFC005B8}.Debug|Any CPU.Build.0 = Debug|Any CPU
		{30A8A674-F10C-441E-937F-D5ACAFC005B8}.Debug|Any CPU.Deploy.0 = Debug|Any CPU
		{30A8A674-F10C-441E-937F-D5ACAFC005B8}.Debug|ARM.ActiveCfg = Debug|ARM
		{30A8A674-F10C-441E-937F-D5ACAFC005B8}.Debug|ARM.Build.0 = Debug|ARM
		{30A8A674-F10C-441E-937F-D5ACAFC005B8}.Debug|ARM.Deploy.0 = Debug|ARM
		{30A8A674-F10C-441E-937F-D5ACAFC005B8}.Debug|Mixed Platforms.ActiveCfg = Debug|x86
		{30A8A674-F10C-441E-937F-D5ACAFC005B8}.Debug|Mixed Platforms.Build.0 = Debug|x86
		{30A8A674-F10C-441E-937F-D5ACAFC005B8}.Debug|Mixed Platforms.Deploy.0 = Debug|x86
		{30A8A674-F10C-441E-937F-D5ACAFC005B8}.Debug|x86.ActiveCfg = Debug|x86
		{30A8A674-F10C-441E-937F-D5ACAFC005B8}.Debug|x86.Build.0 = Debug|x86
		{30A8A674-F10C-441E-937F-D5ACAFC005B8}.Debug|x86.Deploy.0 = Debug|x86
		{30A8A674-F10C-441E-937F-D5ACAFC005B8}.Release|Any CPU.ActiveCfg = Release|Any CPU
		{30A8A674-F10C-441E-937F-D5ACAFC005B8}.Release|Any CPU.Build.0 = Release|Any CPU
		{30A8A674-F10C-441E-937F-D5ACAFC005B8}.Release|Any CPU.Deploy.0 = Release|Any CPU
		{30A8A674-F10C-441E-937F-D5ACAFC005B8}.Release|ARM.ActiveCfg = Release|ARM
		{30A8A674-F10C-441E-937F-D5ACAFC005B8}.Release|ARM.Build.0 = Release|ARM
		{30A8A674-F10C-441E-937F-D5ACAFC005B8}.Release|ARM.Deploy.0 = Release|ARM
		{30A8A674-F10C-441E-937F-D5ACAFC005B8}.Release|Mixed Platforms.ActiveCfg = Release|x86
		{30A8A674-F10C-441E-937F-D5ACAFC005B8}.Release|Mixed Platforms.Build.0 = Release|x86
		{30A8A674-F10C-441E-937F-D5ACAFC005B8}.Release|Mixed Platforms.Deploy.0 = Release|x86
		{30A8A674-F10C-441E-937F-D5ACAFC005B8}.Release|x86.ActiveCfg = Release|x86
		{30A8A674-F10C-441E-937F-D5ACAFC005B8}.Release|x86.Build.0 = Release|x86
		{30A8A674-F10C-441E-937F-D5ACAFC005B8}.Release|x86.Deploy.0 = Release|x86
		{D18C30DA-D26B-4A45-B2C0-2EECFF33CA25}.Debug|Any CPU.ActiveCfg = Debug|x86
		{D18C30DA-D26B-4A45-B2C0-2EECFF33CA25}.Debug|ARM.ActiveCfg = Debug|ARM
		{D18C30DA-D26B-4A45-B2C0-2EECFF33CA25}.Debug|ARM.Build.0 = Debug|ARM
		{D18C30DA-D26B-4A45-B2C0-2EECFF33CA25}.Debug|ARM.Deploy.0 = Debug|ARM
		{D18C30DA-D26B-4A45-B2C0-2EECFF33CA25}.Debug|Mixed Platforms.ActiveCfg = Debug|x86
		{D18C30DA-D26B-4A45-B2C0-2EECFF33CA25}.Debug|Mixed Platforms.Build.0 = Debug|x86
		{D18C30DA-D26B-4A45-B2C0-2EECFF33CA25}.Debug|Mixed Platforms.Deploy.0 = Debug|x86
		{D18C30DA-D26B-4A45-B2C0-2EECFF33CA25}.Debug|x86.ActiveCfg = Debug|x86
		{D18C30DA-D26B-4A45-B2C0-2EECFF33CA25}.Debug|x86.Build.0 = Debug|x86
		{D18C30DA-D26B-4A45-B2C0-2EECFF33CA25}.Debug|x86.Deploy.0 = Debug|x86
		{D18C30DA-D26B-4A45-B2C0-2EECFF33CA25}.Release|Any CPU.ActiveCfg = Release|x86
		{D18C30DA-D26B-4A45-B2C0-2EECFF33CA25}.Release|ARM.ActiveCfg = Release|ARM
		{D18C30DA-D26B-4A45-B2C0-2EECFF33CA25}.Release|ARM.Build.0 = Release|ARM
		{D18C30DA-D26B-4A45-B2C0-2EECFF33CA25}.Release|ARM.Deploy.0 = Release|ARM
		{D18C30DA-D26B-4A45-B2C0-2EECFF33CA25}.Release|Mixed Platforms.ActiveCfg = Release|x86
		{D18C30DA-D26B-4A45-B2C0-2EECFF33CA25}.Release|Mixed Platforms.Build.0 = Release|x86
		{D18C30DA-D26B-4A45-B2C0-2EECFF33CA25}.Release|Mixed Platforms.Deploy.0 = Release|x86
		{D18C30DA-D26B-4A45-B2C0-2EECFF33CA25}.Release|x86.ActiveCfg = Release|x86
		{D18C30DA-D26B-4A45-B2C0-2EECFF33CA25}.Release|x86.Build.0 = Release|x86
		{D18C30DA-D26B-4A45-B2C0-2EECFF33CA25}.Release|x86.Deploy.0 = Release|x86
	EndGlobalSection
	GlobalSection(SolutionProperties) = preSolution
		HideSolutionNode = FALSE
	EndGlobalSection
EndGlobal
